
Microsoft Visual Studio Solution File, Format Version 12.00
# Visual Studio Version 16
VisualStudioVersion = 16.0.31410.357
MinimumVisualStudioVersion = 10.0.40219.1
Project("{FAE04EC0-301F-11D3-BF4B-00C04F79EFBC}") = "NJ05-T1-TimeslotEnumerator", "NJ05-T1-TimeslotEnumerator\NJ05-T1-TimeslotEnumerator.csproj", "{18C10B36-54F1-4EFC-A9C9-99CB6454E76A}"
EndProject
Project("{FAE04EC0-301F-11D3-BF4B-00C04F79EFBC}") = "Tests", "Tests\Tests.csproj", "{02679CDA-02E8-45EF-925C-CCBCDFA00C18}"
EndProject
Global
	GlobalSection(SolutionConfigurationPlatforms) = preSolution
		Debug|Any CPU = Debug|Any CPU
		Release|Any CPU = Release|Any CPU
	EndGlobalSection
	GlobalSection(ProjectConfigurationPlatforms) = postSolution
		{18C10B36-54F1-4EFC-A9C9-99CB6454E76A}.Debug|Any CPU.ActiveCfg = Debug|Any CPU
		{18C10B36-54F1-4EFC-A9C9-99CB6454E76A}.Debug|Any CPU.Build.0 = Debug|Any CPU
		{18C10B36-54F1-4EFC-A9C9-99CB6454E76A}.Release|Any CPU.ActiveCfg = Release|Any CPU
		{18C10B36-54F1-4EFC-A9C9-99CB6454E76A}.Release|Any CPU.Build.0 = Release|Any CPU
		{02679CDA-02E8-45EF-925C-CCBCDFA00C18}.Debug|Any CPU.ActiveCfg = Debug|Any CPU
		{02679CDA-02E8-45EF-925C-CCBCDFA00C18}.Debug|Any CPU.Build.0 = Debug|Any CPU
		{02679CDA-02E8-45EF-925C-CCBCDFA00C18}.Release|Any CPU.ActiveCfg = Release|Any CPU
		{02679CDA-02E8-45EF-925C-CCBCDFA00C18}.Release|Any CPU.Build.0 = Release|Any CPU
	EndGlobalSection
	GlobalSection(SolutionProperties) = preSolution
		HideSolutionNode = FALSE
	EndGlobalSection
	GlobalSection(ExtensibilityGlobals) = postSolution
		SolutionGuid = {5752D16E-C851-4647-8DF5-A3F7197ABA0C}
	EndGlobalSection
EndGlobal
